
Microsoft Visual Studio Solution File, Format Version 12.00
# Visual Studio 15
VisualStudioVersion = 15.0.28307.421
MinimumVisualStudioVersion = 10.0.40219.1
Project("{FAE04EC0-301F-11D3-BF4B-00C04F79EFBC}") = "MySoapService", "MySoapService\MySoapService.csproj", "{07E70960-B39B-45B7-A389-83E0D3A71B85}"
EndProject
Global
	GlobalSection(SolutionConfigurationPlatforms) = preSolution
		Debug|Any CPU = Debug|Any CPU
		Release|Any CPU = Release|Any CPU
	EndGlobalSection
	GlobalSection(ProjectConfigurationPlatforms) = postSolution
		{07E70960-B39B-45B7-A389-83E0D3A71B85}.Debug|Any CPU.ActiveCfg = Debug|Any CPU
		{07E70960-B39B-45B7-A389-83E0D3A71B85}.Debug|Any CPU.Build.0 = Debug|Any CPU
		{07E70960-B39B-45B7-A389-83E0D3A71B85}.Release|Any CPU.ActiveCfg = Release|Any CPU
		{07E70960-B39B-45B7-A389-83E0D3A71B85}.Release|Any CPU.Build.0 = Release|Any CPU
	EndGlobalSection
	GlobalSection(SolutionProperties) = preSolution
		HideSolutionNode = FALSE
	EndGlobalSection
	GlobalSection(ExtensibilityGlobals) = postSolution
		SolutionGuid = {41F80F59-BC1C-4882-862E-64C313B6F40D}
	EndGlobalSection
EndGlobal
