
Microsoft Visual Studio Solution File, Format Version 12.00
# Visual Studio 15
VisualStudioVersion = 15.0.28307.421
MinimumVisualStudioVersion = 10.0.40219.1
Project("{FAE04EC0-301F-11D3-BF4B-00C04F79EFBC}") = "ConsoleApp", "ConsoleApp\ConsoleApp.csproj", "{8CD06010-73BA-4289-A898-0199AA3D9E94}"
EndProject
Global
	GlobalSection(SolutionConfigurationPlatforms) = preSolution
		Debug|Any CPU = Debug|Any CPU
		Release|Any CPU = Release|Any CPU
	EndGlobalSection
	GlobalSection(ProjectConfigurationPlatforms) = postSolution
		{8CD06010-73BA-4289-A898-0199AA3D9E94}.Debug|Any CPU.ActiveCfg = Debug|Any CPU
		{8CD06010-73BA-4289-A898-0199AA3D9E94}.Debug|Any CPU.Build.0 = Debug|Any CPU
		{8CD06010-73BA-4289-A898-0199AA3D9E94}.Release|Any CPU.ActiveCfg = Release|Any CPU
		{8CD06010-73BA-4289-A898-0199AA3D9E94}.Release|Any CPU.Build.0 = Release|Any CPU
	EndGlobalSection
	GlobalSection(SolutionProperties) = preSolution
		HideSolutionNode = FALSE
	EndGlobalSection
	GlobalSection(ExtensibilityGlobals) = postSolution
		SolutionGuid = {90214A9F-DE3F-4A0A-8E51-13FEB132E4E2}
	EndGlobalSection
EndGlobal
