
Microsoft Visual Studio Solution File, Format Version 12.00
# Visual Studio 15
VisualStudioVersion = 15.0.28307.421
MinimumVisualStudioVersion = 10.0.40219.1
Project("{FAE04EC0-301F-11D3-BF4B-00C04F79EFBC}") = "arrays.ui", "arrays.ui\arrays.ui.csproj", "{50744C36-71DA-4C6E-B8F2-F11B854B4D94}"
EndProject
Global
	GlobalSection(SolutionConfigurationPlatforms) = preSolution
		Debug|Any CPU = Debug|Any CPU
		Release|Any CPU = Release|Any CPU
	EndGlobalSection
	GlobalSection(ProjectConfigurationPlatforms) = postSolution
		{50744C36-71DA-4C6E-B8F2-F11B854B4D94}.Debug|Any CPU.ActiveCfg = Debug|Any CPU
		{50744C36-71DA-4C6E-B8F2-F11B854B4D94}.Debug|Any CPU.Build.0 = Debug|Any CPU
		{50744C36-71DA-4C6E-B8F2-F11B854B4D94}.Release|Any CPU.ActiveCfg = Release|Any CPU
		{50744C36-71DA-4C6E-B8F2-F11B854B4D94}.Release|Any CPU.Build.0 = Release|Any CPU
	EndGlobalSection
	GlobalSection(SolutionProperties) = preSolution
		HideSolutionNode = FALSE
	EndGlobalSection
	GlobalSection(ExtensibilityGlobals) = postSolution
		SolutionGuid = {CD3D92A5-5F25-498F-BBC0-31822AAE1507}
	EndGlobalSection
EndGlobal
